
Microsoft Visual Studio Solution File, Format Version 12.00
# Visual Studio Version 17
VisualStudioVersion = 17.4.33205.214
MinimumVisualStudioVersion = 10.0.40219.1
Project("{FAE04EC0-301F-11D3-BF4B-00C04F79EFBC}") = "ConsoleApp1", "ConsoleApp1\ConsoleApp1.csproj", "{6E0DDF92-F1B7-4B41-AF61-F43A175614A0}"
EndProject
Global
	GlobalSection(SolutionConfigurationPlatforms) = preSolution
		Debug|Any CPU = Debug|Any CPU
		Release|Any CPU = Release|Any CPU
	EndGlobalSection
	GlobalSection(ProjectConfigurationPlatforms) = postSolution
		{6E0DDF92-F1B7-4B41-AF61-F43A175614A0}.Debug|Any CPU.ActiveCfg = Debug|Any CPU
		{6E0DDF92-F1B7-4B41-AF61-F43A175614A0}.Debug|Any CPU.Build.0 = Debug|Any CPU
		{6E0DDF92-F1B7-4B41-AF61-F43A175614A0}.Release|Any CPU.ActiveCfg = Release|Any CPU
		{6E0DDF92-F1B7-4B41-AF61-F43A175614A0}.Release|Any CPU.Build.0 = Release|Any CPU
	EndGlobalSection
	GlobalSection(SolutionProperties) = preSolution
		HideSolutionNode = FALSE
	EndGlobalSection
	GlobalSection(ExtensibilityGlobals) = postSolution
		SolutionGuid = {C8E2329B-7B14-4794-BA75-EB320337D9A7}
	EndGlobalSection
EndGlobal
